
Microsoft Visual Studio Solution File, Format Version 12.00
# Visual Studio Version 16
VisualStudioVersion = 16.0.31613.86
MinimumVisualStudioVersion = 10.0.40219.1
Project("{FAE04EC0-301F-11D3-BF4B-00C04F79EFBC}") = "Aula83", "Aula83.csproj", "{C3C736C6-837C-4EA9-93E3-6E8D4D995690}"
EndProject
Global
	GlobalSection(SolutionConfigurationPlatforms) = preSolution
		Debug|Any CPU = Debug|Any CPU
		Release|Any CPU = Release|Any CPU
	EndGlobalSection
	GlobalSection(ProjectConfigurationPlatforms) = postSolution
		{C3C736C6-837C-4EA9-93E3-6E8D4D995690}.Debug|Any CPU.ActiveCfg = Debug|Any CPU
		{C3C736C6-837C-4EA9-93E3-6E8D4D995690}.Debug|Any CPU.Build.0 = Debug|Any CPU
		{C3C736C6-837C-4EA9-93E3-6E8D4D995690}.Release|Any CPU.ActiveCfg = Release|Any CPU
		{C3C736C6-837C-4EA9-93E3-6E8D4D995690}.Release|Any CPU.Build.0 = Release|Any CPU
	EndGlobalSection
	GlobalSection(SolutionProperties) = preSolution
		HideSolutionNode = FALSE
	EndGlobalSection
	GlobalSection(ExtensibilityGlobals) = postSolution
		SolutionGuid = {E6A5C9D0-00E3-4907-AE74-6FB0993E8E73}
	EndGlobalSection
EndGlobal
